
Microsoft Visual Studio Solution File, Format Version 12.00
# Visual Studio Version 16
VisualStudioVersion = 16.0.30002.166
MinimumVisualStudioVersion = 10.0.40219.1
Project("{F184B08F-C81C-45F6-A57F-5ABD9991F28F}") = "Conectar_MySQL_VB", "Conectar_MySQL_VB\Conectar_MySQL_VB.vbproj", "{A3C942BB-EFE0-45D7-BC24-28D999F7DE79}"
EndProject
Global
	GlobalSection(SolutionConfigurationPlatforms) = preSolution
		Debug|Any CPU = Debug|Any CPU
		Release|Any CPU = Release|Any CPU
	EndGlobalSection
	GlobalSection(ProjectConfigurationPlatforms) = postSolution
		{A3C942BB-EFE0-45D7-BC24-28D999F7DE79}.Debug|Any CPU.ActiveCfg = Debug|Any CPU
		{A3C942BB-EFE0-45D7-BC24-28D999F7DE79}.Debug|Any CPU.Build.0 = Debug|Any CPU
		{A3C942BB-EFE0-45D7-BC24-28D999F7DE79}.Release|Any CPU.ActiveCfg = Release|Any CPU
		{A3C942BB-EFE0-45D7-BC24-28D999F7DE79}.Release|Any CPU.Build.0 = Release|Any CPU
	EndGlobalSection
	GlobalSection(SolutionProperties) = preSolution
		HideSolutionNode = FALSE
	EndGlobalSection
	GlobalSection(ExtensibilityGlobals) = postSolution
		SolutionGuid = {7910A9A9-25D9-4159-A023-2CB52A674777}
	EndGlobalSection
EndGlobal
