
Microsoft Visual Studio Solution File, Format Version 12.00
# Visual Studio Version 16
VisualStudioVersion = 16.0.30002.166
MinimumVisualStudioVersion = 10.0.40219.1
Project("{F184B08F-C81C-45F6-A57F-5ABD9991F28F}") = "Mantenimiento_Empleados", "Mantenimiento_Empleados\Mantenimiento_Empleados.vbproj", "{3482B05A-B91F-4FF0-80AB-10AF994D0849}"
EndProject
Global
	GlobalSection(SolutionConfigurationPlatforms) = preSolution
		Debug|Any CPU = Debug|Any CPU
		Release|Any CPU = Release|Any CPU
	EndGlobalSection
	GlobalSection(ProjectConfigurationPlatforms) = postSolution
		{3482B05A-B91F-4FF0-80AB-10AF994D0849}.Debug|Any CPU.ActiveCfg = Debug|Any CPU
		{3482B05A-B91F-4FF0-80AB-10AF994D0849}.Debug|Any CPU.Build.0 = Debug|Any CPU
		{3482B05A-B91F-4FF0-80AB-10AF994D0849}.Release|Any CPU.ActiveCfg = Release|Any CPU
		{3482B05A-B91F-4FF0-80AB-10AF994D0849}.Release|Any CPU.Build.0 = Release|Any CPU
	EndGlobalSection
	GlobalSection(SolutionProperties) = preSolution
		HideSolutionNode = FALSE
	EndGlobalSection
	GlobalSection(ExtensibilityGlobals) = postSolution
		SolutionGuid = {474B9BBD-5126-47FC-AAFF-5F8720C3603E}
	EndGlobalSection
EndGlobal
