
Microsoft Visual Studio Solution File, Format Version 12.00
# Visual Studio Version 16
VisualStudioVersion = 16.0.30002.166
MinimumVisualStudioVersion = 10.0.40219.1
Project("{F184B08F-C81C-45F6-A57F-5ABD9991F28F}") = "Practico1_Ejercicio5", "Practico1_Ejercicio5\Practico1_Ejercicio5.vbproj", "{8190F6AB-22E8-4AE3-A00B-76BC86E05ACC}"
EndProject
Global
	GlobalSection(SolutionConfigurationPlatforms) = preSolution
		Debug|Any CPU = Debug|Any CPU
		Release|Any CPU = Release|Any CPU
	EndGlobalSection
	GlobalSection(ProjectConfigurationPlatforms) = postSolution
		{8190F6AB-22E8-4AE3-A00B-76BC86E05ACC}.Debug|Any CPU.ActiveCfg = Debug|Any CPU
		{8190F6AB-22E8-4AE3-A00B-76BC86E05ACC}.Debug|Any CPU.Build.0 = Debug|Any CPU
		{8190F6AB-22E8-4AE3-A00B-76BC86E05ACC}.Release|Any CPU.ActiveCfg = Release|Any CPU
		{8190F6AB-22E8-4AE3-A00B-76BC86E05ACC}.Release|Any CPU.Build.0 = Release|Any CPU
	EndGlobalSection
	GlobalSection(SolutionProperties) = preSolution
		HideSolutionNode = FALSE
	EndGlobalSection
	GlobalSection(ExtensibilityGlobals) = postSolution
		SolutionGuid = {5F8FB6BF-2BF5-4890-8B48-391FBBB09B81}
	EndGlobalSection
EndGlobal
